
Microsoft Visual Studio Solution File, Format Version 12.00
# Visual Studio Version 16
VisualStudioVersion = 16.0.31005.135
MinimumVisualStudioVersion = 10.0.40219.1
Project("{8BC9CEB8-8B4A-11D0-8D11-00A0C91BC942}") = "aloha_world", "aloha_world\aloha_world.vcxproj", "{9193FA20-E910-4185-9EE3-4D56CAB0BAF8}"
EndProject
Project("{2150E333-8FDC-42A3-9474-1A3956D46DE8}") = "WEEK01", "WEEK01", "{CE1B4101-828C-42CA-899A-1ED335CED880}"
EndProject
Project("{2150E333-8FDC-42A3-9474-1A3956D46DE8}") = "WEEK04", "WEEK04", "{618657E0-D996-4E41-A6A5-E0D327C61048}"
EndProject
Project("{8BC9CEB8-8B4A-11D0-8D11-00A0C91BC942}") = "object_class", "object_class\object_class.vcxproj", "{ED90FA34-AA2E-424E-9443-3584D6777DF1}"
EndProject
Project("{8BC9CEB8-8B4A-11D0-8D11-00A0C91BC942}") = "object_pointer", "object_pointer\object_pointer.vcxproj", "{FE4D5A62-2849-44F9-A365-766CB501E1EC}"
EndProject
Project("{2150E333-8FDC-42A3-9474-1A3956D46DE8}") = "抽象、封装与this指针", "抽象、封装与this指针", "{0D86B91F-FEE9-4C1B-AFB1-71D454E5BA45}"
EndProject
Project("{2150E333-8FDC-42A3-9474-1A3956D46DE8}") = "对象指针、对象数组以及函数参数", "对象指针、对象数组以及函数参数", "{E4B0360F-CAD5-4C74-864C-025D0B867F8C}"
EndProject
Project("{2150E333-8FDC-42A3-9474-1A3956D46DE8}") = "对象copy、分离声明与实现", "对象copy、分离声明与实现", "{4B3A9227-7B54-4A03-A60B-4DDB2643574B}"
EndProject
Project("{2150E333-8FDC-42A3-9474-1A3956D46DE8}") = "用类创建对象", "用类创建对象", "{AFBD5C67-4E96-4108-8188-3CD46DE0A80F}"
EndProject
Project("{8BC9CEB8-8B4A-11D0-8D11-00A0C91BC942}") = "Abstraction_Encapsulation", "Abstraction_Encapsulation\Abstraction_Encapsulation.vcxproj", "{4E211628-7541-4E19-AF03-C0DCCC8DC11D}"
EndProject
Project("{8BC9CEB8-8B4A-11D0-8D11-00A0C91BC942}") = "this_pointer", "this_pointer\this_pointer.vcxproj", "{F2150FC7-3D8E-4CAA-A059-9BC8FF5A61D8}"
EndProject
Project("{8BC9CEB8-8B4A-11D0-8D11-00A0C91BC942}") = "ObjectBasic", "ObjectBasic\ObjectBasic.vcxproj", "{FAE10600-2F02-4957-958B-E87E7AADE151}"
EndProject
Project("{2150E333-8FDC-42A3-9474-1A3956D46DE8}") = "WEEK05", "WEEK05", "{4700F721-4523-4E7C-ACA4-B50AC104D232}"
EndProject
Project("{8BC9CEB8-8B4A-11D0-8D11-00A0C91BC942}") = "ConstantAssert", "ConstantAssert\ConstantAssert.vcxproj", "{EC87C279-F2A0-494A-BAA7-49451C30F9D0}"
EndProject
Project("{2150E333-8FDC-42A3-9474-1A3956D46DE8}") = "代理构造、不可变对象以及静态成员", "代理构造、不可变对象以及静态成员", "{BB205D30-F371-4038-9B52-58B7EE9574B6}"
EndProject
Project("{2150E333-8FDC-42A3-9474-1A3956D46DE8}") = "析构、友元与深浅拷贝", "析构、友元与深浅拷贝", "{3A52BA19-EDC8-4D83-A60A-EC9EC56126A6}"
	ProjectSection(SolutionItems) = preProject
		notes.md = notes.md
	EndProjectSection
EndProject
Project("{8BC9CEB8-8B4A-11D0-8D11-00A0C91BC942}") = "ImmutableObject", "DelegationConstructor\DelegationConstructor.vcxproj", "{D836A7F0-1841-42B7-B3F3-9D659E263F32}"
EndProject
Project("{2150E333-8FDC-42A3-9474-1A3956D46DE8}") = "断言与常量表达式", "断言与常量表达式", "{711BD07E-51C4-4138-9209-1676AE20E7C5}"
EndProject
Project("{8BC9CEB8-8B4A-11D0-8D11-00A0C91BC942}") = "StaticMembers", "StaticMembers\StaticMembers.vcxproj", "{1F8A0F18-FD6F-4CC2-B7C8-392630AA57C6}"
EndProject
Project("{8BC9CEB8-8B4A-11D0-8D11-00A0C91BC942}") = "DestructorFriend", "Destructor\Destructor.vcxproj", "{F11D6FE6-B634-4993-81B5-FFE44DA05289}"
EndProject
Project("{8BC9CEB8-8B4A-11D0-8D11-00A0C91BC942}") = "CopyCtor", "CopyCtor\CopyCtor.vcxproj", "{19DDDD01-4206-45C3-A3C6-E38BCCCB9D9C}"
EndProject
Project("{8BC9CEB8-8B4A-11D0-8D11-00A0C91BC942}") = "DeepCopy", "DeepCopy\DeepCopy.vcxproj", "{8F225C85-6B80-4DD8-9DE5-AD2B588BC2F7}"
EndProject
Project("{8BC9CEB8-8B4A-11D0-8D11-00A0C91BC942}") = "StackOfIntegers", "StackOfIntegers\StackOfIntegers.vcxproj", "{59A9A686-70EC-4C40-9EAA-720AF049F87A}"
EndProject
Project("{2150E333-8FDC-42A3-9474-1A3956D46DE8}") = "VectorClass", "VectorClass", "{97EFF9D3-B3B0-4374-92EE-D8C7C35485F5}"
EndProject
Project("{8BC9CEB8-8B4A-11D0-8D11-00A0C91BC942}") = "TestVector", "TestVector\TestVector.vcxproj", "{ECC9EB92-B547-49C5-A6C4-E2958A760083}"
EndProject
Project("{8BC9CEB8-8B4A-11D0-8D11-00A0C91BC942}") = "StringLiterals", "StringLiterals\StringLiterals.vcxproj", "{360E5852-BA97-4155-B486-DEA5AA1342F8}"
EndProject
Project("{2150E333-8FDC-42A3-9474-1A3956D46DE8}") = "编码规范", "编码规范", "{7E59E0F8-9298-4493-92E1-DD5903A1727B}"
	ProjectSection(SolutionItems) = preProject
		编码规范0x00.md = 编码规范0x00.md
	EndProjectSection
EndProject
Global
	GlobalSection(SolutionConfigurationPlatforms) = preSolution
		Debug|x64 = Debug|x64
		Debug|x86 = Debug|x86
		Release|x64 = Release|x64
		Release|x86 = Release|x86
	EndGlobalSection
	GlobalSection(ProjectConfigurationPlatforms) = postSolution
		{9193FA20-E910-4185-9EE3-4D56CAB0BAF8}.Debug|x64.ActiveCfg = Debug|x64
		{9193FA20-E910-4185-9EE3-4D56CAB0BAF8}.Debug|x64.Build.0 = Debug|x64
		{9193FA20-E910-4185-9EE3-4D56CAB0BAF8}.Debug|x86.ActiveCfg = Debug|Win32
		{9193FA20-E910-4185-9EE3-4D56CAB0BAF8}.Debug|x86.Build.0 = Debug|Win32
		{9193FA20-E910-4185-9EE3-4D56CAB0BAF8}.Release|x64.ActiveCfg = Release|x64
		{9193FA20-E910-4185-9EE3-4D56CAB0BAF8}.Release|x64.Build.0 = Release|x64
		{9193FA20-E910-4185-9EE3-4D56CAB0BAF8}.Release|x86.ActiveCfg = Release|Win32
		{9193FA20-E910-4185-9EE3-4D56CAB0BAF8}.Release|x86.Build.0 = Release|Win32
		{ED90FA34-AA2E-424E-9443-3584D6777DF1}.Debug|x64.ActiveCfg = Debug|x64
		{ED90FA34-AA2E-424E-9443-3584D6777DF1}.Debug|x64.Build.0 = Debug|x64
		{ED90FA34-AA2E-424E-9443-3584D6777DF1}.Debug|x86.ActiveCfg = Debug|Win32
		{ED90FA34-AA2E-424E-9443-3584D6777DF1}.Debug|x86.Build.0 = Debug|Win32
		{ED90FA34-AA2E-424E-9443-3584D6777DF1}.Release|x64.ActiveCfg = Release|x64
		{ED90FA34-AA2E-424E-9443-3584D6777DF1}.Release|x64.Build.0 = Release|x64
		{ED90FA34-AA2E-424E-9443-3584D6777DF1}.Release|x86.ActiveCfg = Release|Win32
		{ED90FA34-AA2E-424E-9443-3584D6777DF1}.Release|x86.Build.0 = Release|Win32
		{FE4D5A62-2849-44F9-A365-766CB501E1EC}.Debug|x64.ActiveCfg = Debug|x64
		{FE4D5A62-2849-44F9-A365-766CB501E1EC}.Debug|x64.Build.0 = Debug|x64
		{FE4D5A62-2849-44F9-A365-766CB501E1EC}.Debug|x86.ActiveCfg = Debug|Win32
		{FE4D5A62-2849-44F9-A365-766CB501E1EC}.Debug|x86.Build.0 = Debug|Win32
		{FE4D5A62-2849-44F9-A365-766CB501E1EC}.Release|x64.ActiveCfg = Release|x64
		{FE4D5A62-2849-44F9-A365-766CB501E1EC}.Release|x64.Build.0 = Release|x64
		{FE4D5A62-2849-44F9-A365-766CB501E1EC}.Release|x86.ActiveCfg = Release|Win32
		{FE4D5A62-2849-44F9-A365-766CB501E1EC}.Release|x86.Build.0 = Release|Win32
		{4E211628-7541-4E19-AF03-C0DCCC8DC11D}.Debug|x64.ActiveCfg = Debug|x64
		{4E211628-7541-4E19-AF03-C0DCCC8DC11D}.Debug|x64.Build.0 = Debug|x64
		{4E211628-7541-4E19-AF03-C0DCCC8DC11D}.Debug|x86.ActiveCfg = Debug|Win32
		{4E211628-7541-4E19-AF03-C0DCCC8DC11D}.Debug|x86.Build.0 = Debug|Win32
		{4E211628-7541-4E19-AF03-C0DCCC8DC11D}.Release|x64.ActiveCfg = Release|x64
		{4E211628-7541-4E19-AF03-C0DCCC8DC11D}.Release|x64.Build.0 = Release|x64
		{4E211628-7541-4E19-AF03-C0DCCC8DC11D}.Release|x86.ActiveCfg = Release|Win32
		{4E211628-7541-4E19-AF03-C0DCCC8DC11D}.Release|x86.Build.0 = Release|Win32
		{F2150FC7-3D8E-4CAA-A059-9BC8FF5A61D8}.Debug|x64.ActiveCfg = Debug|x64
		{F2150FC7-3D8E-4CAA-A059-9BC8FF5A61D8}.Debug|x64.Build.0 = Debug|x64
		{F2150FC7-3D8E-4CAA-A059-9BC8FF5A61D8}.Debug|x86.ActiveCfg = Debug|Win32
		{F2150FC7-3D8E-4CAA-A059-9BC8FF5A61D8}.Debug|x86.Build.0 = Debug|Win32
		{F2150FC7-3D8E-4CAA-A059-9BC8FF5A61D8}.Release|x64.ActiveCfg = Release|x64
		{F2150FC7-3D8E-4CAA-A059-9BC8FF5A61D8}.Release|x64.Build.0 = Release|x64
		{F2150FC7-3D8E-4CAA-A059-9BC8FF5A61D8}.Release|x86.ActiveCfg = Release|Win32
		{F2150FC7-3D8E-4CAA-A059-9BC8FF5A61D8}.Release|x86.Build.0 = Release|Win32
		{FAE10600-2F02-4957-958B-E87E7AADE151}.Debug|x64.ActiveCfg = Debug|x64
		{FAE10600-2F02-4957-958B-E87E7AADE151}.Debug|x64.Build.0 = Debug|x64
		{FAE10600-2F02-4957-958B-E87E7AADE151}.Debug|x86.ActiveCfg = Debug|Win32
		{FAE10600-2F02-4957-958B-E87E7AADE151}.Debug|x86.Build.0 = Debug|Win32
		{FAE10600-2F02-4957-958B-E87E7AADE151}.Release|x64.ActiveCfg = Release|x64
		{FAE10600-2F02-4957-958B-E87E7AADE151}.Release|x64.Build.0 = Release|x64
		{FAE10600-2F02-4957-958B-E87E7AADE151}.Release|x86.ActiveCfg = Release|Win32
		{FAE10600-2F02-4957-958B-E87E7AADE151}.Release|x86.Build.0 = Release|Win32
		{EC87C279-F2A0-494A-BAA7-49451C30F9D0}.Debug|x64.ActiveCfg = Debug|x64
		{EC87C279-F2A0-494A-BAA7-49451C30F9D0}.Debug|x64.Build.0 = Debug|x64
		{EC87C279-F2A0-494A-BAA7-49451C30F9D0}.Debug|x86.ActiveCfg = Debug|Win32
		{EC87C279-F2A0-494A-BAA7-49451C30F9D0}.Debug|x86.Build.0 = Debug|Win32
		{EC87C279-F2A0-494A-BAA7-49451C30F9D0}.Release|x64.ActiveCfg = Release|x64
		{EC87C279-F2A0-494A-BAA7-49451C30F9D0}.Release|x64.Build.0 = Release|x64
		{EC87C279-F2A0-494A-BAA7-49451C30F9D0}.Release|x86.ActiveCfg = Release|Win32
		{EC87C279-F2A0-494A-BAA7-49451C30F9D0}.Release|x86.Build.0 = Release|Win32
		{D836A7F0-1841-42B7-B3F3-9D659E263F32}.Debug|x64.ActiveCfg = Debug|x64
		{D836A7F0-1841-42B7-B3F3-9D659E263F32}.Debug|x64.Build.0 = Debug|x64
		{D836A7F0-1841-42B7-B3F3-9D659E263F32}.Debug|x86.ActiveCfg = Debug|Win32
		{D836A7F0-1841-42B7-B3F3-9D659E263F32}.Debug|x86.Build.0 = Debug|Win32
		{D836A7F0-1841-42B7-B3F3-9D659E263F32}.Release|x64.ActiveCfg = Release|x64
		{D836A7F0-1841-42B7-B3F3-9D659E263F32}.Release|x64.Build.0 = Release|x64
		{D836A7F0-1841-42B7-B3F3-9D659E263F32}.Release|x86.ActiveCfg = Release|Win32
		{D836A7F0-1841-42B7-B3F3-9D659E263F32}.Release|x86.Build.0 = Release|Win32
		{1F8A0F18-FD6F-4CC2-B7C8-392630AA57C6}.Debug|x64.ActiveCfg = Debug|x64
		{1F8A0F18-FD6F-4CC2-B7C8-392630AA57C6}.Debug|x64.Build.0 = Debug|x64
		{1F8A0F18-FD6F-4CC2-B7C8-392630AA57C6}.Debug|x86.ActiveCfg = Debug|Win32
		{1F8A0F18-FD6F-4CC2-B7C8-392630AA57C6}.Debug|x86.Build.0 = Debug|Win32
		{1F8A0F18-FD6F-4CC2-B7C8-392630AA57C6}.Release|x64.ActiveCfg = Release|x64
		{1F8A0F18-FD6F-4CC2-B7C8-392630AA57C6}.Release|x64.Build.0 = Release|x64
		{1F8A0F18-FD6F-4CC2-B7C8-392630AA57C6}.Release|x86.ActiveCfg = Release|Win32
		{1F8A0F18-FD6F-4CC2-B7C8-392630AA57C6}.Release|x86.Build.0 = Release|Win32
		{F11D6FE6-B634-4993-81B5-FFE44DA05289}.Debug|x64.ActiveCfg = Debug|x64
		{F11D6FE6-B634-4993-81B5-FFE44DA05289}.Debug|x64.Build.0 = Debug|x64
		{F11D6FE6-B634-4993-81B5-FFE44DA05289}.Debug|x86.ActiveCfg = Debug|Win32
		{F11D6FE6-B634-4993-81B5-FFE44DA05289}.Debug|x86.Build.0 = Debug|Win32
		{F11D6FE6-B634-4993-81B5-FFE44DA05289}.Release|x64.ActiveCfg = Release|x64
		{F11D6FE6-B634-4993-81B5-FFE44DA05289}.Release|x64.Build.0 = Release|x64
		{F11D6FE6-B634-4993-81B5-FFE44DA05289}.Release|x86.ActiveCfg = Release|Win32
		{F11D6FE6-B634-4993-81B5-FFE44DA05289}.Release|x86.Build.0 = Release|Win32
		{19DDDD01-4206-45C3-A3C6-E38BCCCB9D9C}.Debug|x64.ActiveCfg = Debug|x64
		{19DDDD01-4206-45C3-A3C6-E38BCCCB9D9C}.Debug|x64.Build.0 = Debug|x64
		{19DDDD01-4206-45C3-A3C6-E38BCCCB9D9C}.Debug|x86.ActiveCfg = Debug|Win32
		{19DDDD01-4206-45C3-A3C6-E38BCCCB9D9C}.Debug|x86.Build.0 = Debug|Win32
		{19DDDD01-4206-45C3-A3C6-E38BCCCB9D9C}.Release|x64.ActiveCfg = Release|x64
		{19DDDD01-4206-45C3-A3C6-E38BCCCB9D9C}.Release|x64.Build.0 = Release|x64
		{19DDDD01-4206-45C3-A3C6-E38BCCCB9D9C}.Release|x86.ActiveCfg = Release|Win32
		{19DDDD01-4206-45C3-A3C6-E38BCCCB9D9C}.Release|x86.Build.0 = Release|Win32
		{8F225C85-6B80-4DD8-9DE5-AD2B588BC2F7}.Debug|x64.ActiveCfg = Debug|x64
		{8F225C85-6B80-4DD8-9DE5-AD2B588BC2F7}.Debug|x64.Build.0 = Debug|x64
		{8F225C85-6B80-4DD8-9DE5-AD2B588BC2F7}.Debug|x86.ActiveCfg = Debug|Win32
		{8F225C85-6B80-4DD8-9DE5-AD2B588BC2F7}.Debug|x86.Build.0 = Debug|Win32
		{8F225C85-6B80-4DD8-9DE5-AD2B588BC2F7}.Release|x64.ActiveCfg = Release|x64
		{8F225C85-6B80-4DD8-9DE5-AD2B588BC2F7}.Release|x64.Build.0 = Release|x64
		{8F225C85-6B80-4DD8-9DE5-AD2B588BC2F7}.Release|x86.ActiveCfg = Release|Win32
		{8F225C85-6B80-4DD8-9DE5-AD2B588BC2F7}.Release|x86.Build.0 = Release|Win32
		{59A9A686-70EC-4C40-9EAA-720AF049F87A}.Debug|x64.ActiveCfg = Debug|x64
		{59A9A686-70EC-4C40-9EAA-720AF049F87A}.Debug|x64.Build.0 = Debug|x64
		{59A9A686-70EC-4C40-9EAA-720AF049F87A}.Debug|x86.ActiveCfg = Debug|Win32
		{59A9A686-70EC-4C40-9EAA-720AF049F87A}.Debug|x86.Build.0 = Debug|Win32
		{59A9A686-70EC-4C40-9EAA-720AF049F87A}.Release|x64.ActiveCfg = Release|x64
		{59A9A686-70EC-4C40-9EAA-720AF049F87A}.Release|x64.Build.0 = Release|x64
		{59A9A686-70EC-4C40-9EAA-720AF049F87A}.Release|x86.ActiveCfg = Release|Win32
		{59A9A686-70EC-4C40-9EAA-720AF049F87A}.Release|x86.Build.0 = Release|Win32
		{ECC9EB92-B547-49C5-A6C4-E2958A760083}.Debug|x64.ActiveCfg = Debug|x64
		{ECC9EB92-B547-49C5-A6C4-E2958A760083}.Debug|x64.Build.0 = Debug|x64
		{ECC9EB92-B547-49C5-A6C4-E2958A760083}.Debug|x86.ActiveCfg = Debug|Win32
		{ECC9EB92-B547-49C5-A6C4-E2958A760083}.Debug|x86.Build.0 = Debug|Win32
		{ECC9EB92-B547-49C5-A6C4-E2958A760083}.Release|x64.ActiveCfg = Release|x64
		{ECC9EB92-B547-49C5-A6C4-E2958A760083}.Release|x64.Build.0 = Release|x64
		{ECC9EB92-B547-49C5-A6C4-E2958A760083}.Release|x86.ActiveCfg = Release|Win32
		{ECC9EB92-B547-49C5-A6C4-E2958A760083}.Release|x86.Build.0 = Release|Win32
		{360E5852-BA97-4155-B486-DEA5AA1342F8}.Debug|x64.ActiveCfg = Debug|x64
		{360E5852-BA97-4155-B486-DEA5AA1342F8}.Debug|x64.Build.0 = Debug|x64
		{360E5852-BA97-4155-B486-DEA5AA1342F8}.Debug|x86.ActiveCfg = Debug|Win32
		{360E5852-BA97-4155-B486-DEA5AA1342F8}.Debug|x86.Build.0 = Debug|Win32
		{360E5852-BA97-4155-B486-DEA5AA1342F8}.Release|x64.ActiveCfg = Release|x64
		{360E5852-BA97-4155-B486-DEA5AA1342F8}.Release|x64.Build.0 = Release|x64
		{360E5852-BA97-4155-B486-DEA5AA1342F8}.Release|x86.ActiveCfg = Release|Win32
		{360E5852-BA97-4155-B486-DEA5AA1342F8}.Release|x86.Build.0 = Release|Win32
	EndGlobalSection
	GlobalSection(SolutionProperties) = preSolution
		HideSolutionNode = FALSE
	EndGlobalSection
	GlobalSection(NestedProjects) = preSolution
		{9193FA20-E910-4185-9EE3-4D56CAB0BAF8} = {CE1B4101-828C-42CA-899A-1ED335CED880}
		{ED90FA34-AA2E-424E-9443-3584D6777DF1} = {4B3A9227-7B54-4A03-A60B-4DDB2643574B}
		{FE4D5A62-2849-44F9-A365-766CB501E1EC} = {E4B0360F-CAD5-4C74-864C-025D0B867F8C}
		{0D86B91F-FEE9-4C1B-AFB1-71D454E5BA45} = {618657E0-D996-4E41-A6A5-E0D327C61048}
		{E4B0360F-CAD5-4C74-864C-025D0B867F8C} = {618657E0-D996-4E41-A6A5-E0D327C61048}
		{4B3A9227-7B54-4A03-A60B-4DDB2643574B} = {618657E0-D996-4E41-A6A5-E0D327C61048}
		{AFBD5C67-4E96-4108-8188-3CD46DE0A80F} = {618657E0-D996-4E41-A6A5-E0D327C61048}
		{4E211628-7541-4E19-AF03-C0DCCC8DC11D} = {0D86B91F-FEE9-4C1B-AFB1-71D454E5BA45}
		{F2150FC7-3D8E-4CAA-A059-9BC8FF5A61D8} = {0D86B91F-FEE9-4C1B-AFB1-71D454E5BA45}
		{FAE10600-2F02-4957-958B-E87E7AADE151} = {AFBD5C67-4E96-4108-8188-3CD46DE0A80F}
		{EC87C279-F2A0-494A-BAA7-49451C30F9D0} = {711BD07E-51C4-4138-9209-1676AE20E7C5}
		{BB205D30-F371-4038-9B52-58B7EE9574B6} = {4700F721-4523-4E7C-ACA4-B50AC104D232}
		{3A52BA19-EDC8-4D83-A60A-EC9EC56126A6} = {4700F721-4523-4E7C-ACA4-B50AC104D232}
		{D836A7F0-1841-42B7-B3F3-9D659E263F32} = {BB205D30-F371-4038-9B52-58B7EE9574B6}
		{711BD07E-51C4-4138-9209-1676AE20E7C5} = {4700F721-4523-4E7C-ACA4-B50AC104D232}
		{1F8A0F18-FD6F-4CC2-B7C8-392630AA57C6} = {BB205D30-F371-4038-9B52-58B7EE9574B6}
		{F11D6FE6-B634-4993-81B5-FFE44DA05289} = {3A52BA19-EDC8-4D83-A60A-EC9EC56126A6}
		{19DDDD01-4206-45C3-A3C6-E38BCCCB9D9C} = {3A52BA19-EDC8-4D83-A60A-EC9EC56126A6}
		{8F225C85-6B80-4DD8-9DE5-AD2B588BC2F7} = {3A52BA19-EDC8-4D83-A60A-EC9EC56126A6}
		{59A9A686-70EC-4C40-9EAA-720AF049F87A} = {4700F721-4523-4E7C-ACA4-B50AC104D232}
		{97EFF9D3-B3B0-4374-92EE-D8C7C35485F5} = {4700F721-4523-4E7C-ACA4-B50AC104D232}
		{ECC9EB92-B547-49C5-A6C4-E2958A760083} = {97EFF9D3-B3B0-4374-92EE-D8C7C35485F5}
		{360E5852-BA97-4155-B486-DEA5AA1342F8} = {97EFF9D3-B3B0-4374-92EE-D8C7C35485F5}
		{7E59E0F8-9298-4493-92E1-DD5903A1727B} = {CE1B4101-828C-42CA-899A-1ED335CED880}
	EndGlobalSection
	GlobalSection(ExtensibilityGlobals) = postSolution
		SolutionGuid = {E52C6356-C848-4F74-A95D-B22E1B40C45E}
	EndGlobalSection
EndGlobal
