
Microsoft Visual Studio Solution File, Format Version 12.00
# Visual Studio Version 16
VisualStudioVersion = 16.0.31005.135
MinimumVisualStudioVersion = 10.0.40219.1
Project("{8BC9CEB8-8B4A-11D0-8D11-00A0C91BC942}") = "aloha_world", "aloha_world\aloha_world.vcxproj", "{9193FA20-E910-4185-9EE3-4D56CAB0BAF8}"
EndProject
Project("{2150E333-8FDC-42A3-9474-1A3956D46DE8}") = "WEEK01", "WEEK01", "{CE1B4101-828C-42CA-899A-1ED335CED880}"
EndProject
Project("{2150E333-8FDC-42A3-9474-1A3956D46DE8}") = "WEEK04", "WEEK04", "{618657E0-D996-4E41-A6A5-E0D327C61048}"
EndProject
Project("{8BC9CEB8-8B4A-11D0-8D11-00A0C91BC942}") = "object_class", "object_class\object_class.vcxproj", "{ED90FA34-AA2E-424E-9443-3584D6777DF1}"
EndProject
Project("{8BC9CEB8-8B4A-11D0-8D11-00A0C91BC942}") = "object_pointer", "object_pointer\object_pointer.vcxproj", "{FE4D5A62-2849-44F9-A365-766CB501E1EC}"
EndProject
Project("{2150E333-8FDC-42A3-9474-1A3956D46DE8}") = "抽象、封装与this指针", "抽象、封装与this指针", "{0D86B91F-FEE9-4C1B-AFB1-71D454E5BA45}"
EndProject
Project("{2150E333-8FDC-42A3-9474-1A3956D46DE8}") = "对象指针、对象数组以及函数参数", "对象指针、对象数组以及函数参数", "{E4B0360F-CAD5-4C74-864C-025D0B867F8C}"
EndProject
Project("{2150E333-8FDC-42A3-9474-1A3956D46DE8}") = "对象copy、分离声明与实现", "对象copy、分离声明与实现", "{4B3A9227-7B54-4A03-A60B-4DDB2643574B}"
EndProject
Project("{2150E333-8FDC-42A3-9474-1A3956D46DE8}") = "用类创建对象", "用类创建对象", "{AFBD5C67-4E96-4108-8188-3CD46DE0A80F}"
EndProject
Project("{8BC9CEB8-8B4A-11D0-8D11-00A0C91BC942}") = "Abstraction_Encapsulation", "Abstraction_Encapsulation\Abstraction_Encapsulation.vcxproj", "{4E211628-7541-4E19-AF03-C0DCCC8DC11D}"
EndProject
Project("{8BC9CEB8-8B4A-11D0-8D11-00A0C91BC942}") = "this_pointer", "this_pointer\this_pointer.vcxproj", "{F2150FC7-3D8E-4CAA-A059-9BC8FF5A61D8}"
EndProject
Project("{8BC9CEB8-8B4A-11D0-8D11-00A0C91BC942}") = "ObjectBasic", "ObjectBasic\ObjectBasic.vcxproj", "{FAE10600-2F02-4957-958B-E87E7AADE151}"
EndProject
Global
	GlobalSection(SolutionConfigurationPlatforms) = preSolution
		Debug|x64 = Debug|x64
		Debug|x86 = Debug|x86
		Release|x64 = Release|x64
		Release|x86 = Release|x86
	EndGlobalSection
	GlobalSection(ProjectConfigurationPlatforms) = postSolution
		{9193FA20-E910-4185-9EE3-4D56CAB0BAF8}.Debug|x64.ActiveCfg = Debug|x64
		{9193FA20-E910-4185-9EE3-4D56CAB0BAF8}.Debug|x64.Build.0 = Debug|x64
		{9193FA20-E910-4185-9EE3-4D56CAB0BAF8}.Debug|x86.ActiveCfg = Debug|Win32
		{9193FA20-E910-4185-9EE3-4D56CAB0BAF8}.Debug|x86.Build.0 = Debug|Win32
		{9193FA20-E910-4185-9EE3-4D56CAB0BAF8}.Release|x64.ActiveCfg = Release|x64
		{9193FA20-E910-4185-9EE3-4D56CAB0BAF8}.Release|x64.Build.0 = Release|x64
		{9193FA20-E910-4185-9EE3-4D56CAB0BAF8}.Release|x86.ActiveCfg = Release|Win32
		{9193FA20-E910-4185-9EE3-4D56CAB0BAF8}.Release|x86.Build.0 = Release|Win32
		{ED90FA34-AA2E-424E-9443-3584D6777DF1}.Debug|x64.ActiveCfg = Debug|x64
		{ED90FA34-AA2E-424E-9443-3584D6777DF1}.Debug|x64.Build.0 = Debug|x64
		{ED90FA34-AA2E-424E-9443-3584D6777DF1}.Debug|x86.ActiveCfg = Debug|Win32
		{ED90FA34-AA2E-424E-9443-3584D6777DF1}.Debug|x86.Build.0 = Debug|Win32
		{ED90FA34-AA2E-424E-9443-3584D6777DF1}.Release|x64.ActiveCfg = Release|x64
		{ED90FA34-AA2E-424E-9443-3584D6777DF1}.Release|x64.Build.0 = Release|x64
		{ED90FA34-AA2E-424E-9443-3584D6777DF1}.Release|x86.ActiveCfg = Release|Win32
		{ED90FA34-AA2E-424E-9443-3584D6777DF1}.Release|x86.Build.0 = Release|Win32
		{FE4D5A62-2849-44F9-A365-766CB501E1EC}.Debug|x64.ActiveCfg = Debug|x64
		{FE4D5A62-2849-44F9-A365-766CB501E1EC}.Debug|x64.Build.0 = Debug|x64
		{FE4D5A62-2849-44F9-A365-766CB501E1EC}.Debug|x86.ActiveCfg = Debug|Win32
		{FE4D5A62-2849-44F9-A365-766CB501E1EC}.Debug|x86.Build.0 = Debug|Win32
		{FE4D5A62-2849-44F9-A365-766CB501E1EC}.Release|x64.ActiveCfg = Release|x64
		{FE4D5A62-2849-44F9-A365-766CB501E1EC}.Release|x64.Build.0 = Release|x64
		{FE4D5A62-2849-44F9-A365-766CB501E1EC}.Release|x86.ActiveCfg = Release|Win32
		{FE4D5A62-2849-44F9-A365-766CB501E1EC}.Release|x86.Build.0 = Release|Win32
		{4E211628-7541-4E19-AF03-C0DCCC8DC11D}.Debug|x64.ActiveCfg = Debug|x64
		{4E211628-7541-4E19-AF03-C0DCCC8DC11D}.Debug|x64.Build.0 = Debug|x64
		{4E211628-7541-4E19-AF03-C0DCCC8DC11D}.Debug|x86.ActiveCfg = Debug|Win32
		{4E211628-7541-4E19-AF03-C0DCCC8DC11D}.Debug|x86.Build.0 = Debug|Win32
		{4E211628-7541-4E19-AF03-C0DCCC8DC11D}.Release|x64.ActiveCfg = Release|x64
		{4E211628-7541-4E19-AF03-C0DCCC8DC11D}.Release|x64.Build.0 = Release|x64
		{4E211628-7541-4E19-AF03-C0DCCC8DC11D}.Release|x86.ActiveCfg = Release|Win32
		{4E211628-7541-4E19-AF03-C0DCCC8DC11D}.Release|x86.Build.0 = Release|Win32
		{F2150FC7-3D8E-4CAA-A059-9BC8FF5A61D8}.Debug|x64.ActiveCfg = Debug|x64
		{F2150FC7-3D8E-4CAA-A059-9BC8FF5A61D8}.Debug|x64.Build.0 = Debug|x64
		{F2150FC7-3D8E-4CAA-A059-9BC8FF5A61D8}.Debug|x86.ActiveCfg = Debug|Win32
		{F2150FC7-3D8E-4CAA-A059-9BC8FF5A61D8}.Debug|x86.Build.0 = Debug|Win32
		{F2150FC7-3D8E-4CAA-A059-9BC8FF5A61D8}.Release|x64.ActiveCfg = Release|x64
		{F2150FC7-3D8E-4CAA-A059-9BC8FF5A61D8}.Release|x64.Build.0 = Release|x64
		{F2150FC7-3D8E-4CAA-A059-9BC8FF5A61D8}.Release|x86.ActiveCfg = Release|Win32
		{F2150FC7-3D8E-4CAA-A059-9BC8FF5A61D8}.Release|x86.Build.0 = Release|Win32
		{FAE10600-2F02-4957-958B-E87E7AADE151}.Debug|x64.ActiveCfg = Debug|x64
		{FAE10600-2F02-4957-958B-E87E7AADE151}.Debug|x64.Build.0 = Debug|x64
		{FAE10600-2F02-4957-958B-E87E7AADE151}.Debug|x86.ActiveCfg = Debug|Win32
		{FAE10600-2F02-4957-958B-E87E7AADE151}.Debug|x86.Build.0 = Debug|Win32
		{FAE10600-2F02-4957-958B-E87E7AADE151}.Release|x64.ActiveCfg = Release|x64
		{FAE10600-2F02-4957-958B-E87E7AADE151}.Release|x64.Build.0 = Release|x64
		{FAE10600-2F02-4957-958B-E87E7AADE151}.Release|x86.ActiveCfg = Release|Win32
		{FAE10600-2F02-4957-958B-E87E7AADE151}.Release|x86.Build.0 = Release|Win32
	EndGlobalSection
	GlobalSection(SolutionProperties) = preSolution
		HideSolutionNode = FALSE
	EndGlobalSection
	GlobalSection(NestedProjects) = preSolution
		{9193FA20-E910-4185-9EE3-4D56CAB0BAF8} = {CE1B4101-828C-42CA-899A-1ED335CED880}
		{ED90FA34-AA2E-424E-9443-3584D6777DF1} = {4B3A9227-7B54-4A03-A60B-4DDB2643574B}
		{FE4D5A62-2849-44F9-A365-766CB501E1EC} = {E4B0360F-CAD5-4C74-864C-025D0B867F8C}
		{0D86B91F-FEE9-4C1B-AFB1-71D454E5BA45} = {618657E0-D996-4E41-A6A5-E0D327C61048}
		{E4B0360F-CAD5-4C74-864C-025D0B867F8C} = {618657E0-D996-4E41-A6A5-E0D327C61048}
		{4B3A9227-7B54-4A03-A60B-4DDB2643574B} = {618657E0-D996-4E41-A6A5-E0D327C61048}
		{AFBD5C67-4E96-4108-8188-3CD46DE0A80F} = {618657E0-D996-4E41-A6A5-E0D327C61048}
		{4E211628-7541-4E19-AF03-C0DCCC8DC11D} = {0D86B91F-FEE9-4C1B-AFB1-71D454E5BA45}
		{F2150FC7-3D8E-4CAA-A059-9BC8FF5A61D8} = {0D86B91F-FEE9-4C1B-AFB1-71D454E5BA45}
		{FAE10600-2F02-4957-958B-E87E7AADE151} = {AFBD5C67-4E96-4108-8188-3CD46DE0A80F}
	EndGlobalSection
	GlobalSection(ExtensibilityGlobals) = postSolution
		SolutionGuid = {E52C6356-C848-4F74-A95D-B22E1B40C45E}
	EndGlobalSection
EndGlobal
